
Microsoft Visual Studio Solution File, Format Version 12.00
# Visual Studio 15
VisualStudioVersion = 15.0.27004.2010
MinimumVisualStudioVersion = 10.0.40219.1
Project("{FAE04EC0-301F-11D3-BF4B-00C04F79EFBC}") = "ProjectTaskManageApplication", "ProjectTaskManageApplication\ProjectTaskManageApplication.csproj", "{97A550E4-5786-4043-A093-FCF3274BBE1C}"
EndProject
Global
	GlobalSection(SolutionConfigurationPlatforms) = preSolution
		Debug|Any CPU = Debug|Any CPU
		Release|Any CPU = Release|Any CPU
	EndGlobalSection
	GlobalSection(ProjectConfigurationPlatforms) = postSolution
		{97A550E4-5786-4043-A093-FCF3274BBE1C}.Debug|Any CPU.ActiveCfg = Debug|Any CPU
		{97A550E4-5786-4043-A093-FCF3274BBE1C}.Debug|Any CPU.Build.0 = Debug|Any CPU
		{97A550E4-5786-4043-A093-FCF3274BBE1C}.Release|Any CPU.ActiveCfg = Release|Any CPU
		{97A550E4-5786-4043-A093-FCF3274BBE1C}.Release|Any CPU.Build.0 = Release|Any CPU
	EndGlobalSection
	GlobalSection(SolutionProperties) = preSolution
		HideSolutionNode = FALSE
	EndGlobalSection
	GlobalSection(ExtensibilityGlobals) = postSolution
		SolutionGuid = {52FC8499-3E2B-41B0-A542-B9450C845BE8}
	EndGlobalSection
EndGlobal
